
Microsoft Visual Studio Solution File, Format Version 12.00
# Visual Studio Version 17
VisualStudioVersion = 17.5.002.0
MinimumVisualStudioVersion = 10.0.40219.1
Project("{9A19103F-16F7-4668-BE54-9A1E7A4F7556}") = "api", "api\api.csproj", "{A22E7DEF-CB41-4A82-8BE8-E7BA88009C5F}"
EndProject
Global
	GlobalSection(SolutionConfigurationPlatforms) = preSolution
		Debug|Any CPU = Debug|Any CPU
		Release|Any CPU = Release|Any CPU
	EndGlobalSection
	GlobalSection(ProjectConfigurationPlatforms) = postSolution
		{A22E7DEF-CB41-4A82-8BE8-E7BA88009C5F}.Debug|Any CPU.ActiveCfg = Debug|Any CPU
		{A22E7DEF-CB41-4A82-8BE8-E7BA88009C5F}.Debug|Any CPU.Build.0 = Debug|Any CPU
		{A22E7DEF-CB41-4A82-8BE8-E7BA88009C5F}.Release|Any CPU.ActiveCfg = Release|Any CPU
		{A22E7DEF-CB41-4A82-8BE8-E7BA88009C5F}.Release|Any CPU.Build.0 = Release|Any CPU
	EndGlobalSection
	GlobalSection(SolutionProperties) = preSolution
		HideSolutionNode = FALSE
	EndGlobalSection
	GlobalSection(ExtensibilityGlobals) = postSolution
		SolutionGuid = {14069262-B6A5-48A7-AC5C-9CB0A01905D3}
	EndGlobalSection
EndGlobal
